# THIS IS AN AUTOGENERATED FILE. DO NOT EDIT THIS FILE DIRECTLY.
# yarn lockfile v1


esm@^3.2.25:
  version "3.2.25"
  resolved "https://registry.yarnpkg.com/esm/-/esm-3.2.25.tgz#342c18c29d56157688ba5ce31f8431fbb795cc10"
  integrity sha512-U1suiZ2oDVWv4zPO56S0NcR5QriEahGtdN2OR6FiOG4WJvcjBVFB0qI4+eKoWFH483PKGuLuu6V8Z4T5g63UVA==

inherits@~2.0.3:
  version "2.0.4"
  resolved "https://registry.yarnpkg.com/inherits/-/inherits-2.0.4.tgz#0fa2c64f932917c3433a0ded55363aae37416b7c"
  integrity sha512-k/vGaX4/Yla3WzyMCvTQOXYeIHvqOKtnqBduzTHpzpQZzAskKMhZ2K+EnBiSM9zGSoIFeMpXKxa4dYeZIQqewQ==

presonus-studiolive-api@featherbear/presonus-studiolive-api:
  version "1.0.0"
  resolved "https://codeload.github.com/featherbear/presonus-studiolive-api/tar.gz/848b723404e674c3dbd8f7761d3a18971a2359ac"
  dependencies:
    esm "^3.2.25"
    queue "^6.0.1"

queue@^6.0.1:
  version "6.0.1"
  resolved "https://registry.yarnpkg.com/queue/-/queue-6.0.1.tgz#abd5a5b0376912f070a25729e0b6a7d565683791"
  integrity sha512-AJBQabRCCNr9ANq8v77RJEv73DPbn55cdTb+Giq4X0AVnNVZvMHlYp7XlQiN+1npCZj1DuSmaA2hYVUUDgxFDg==
  dependencies:
    inherits "~2.0.3"
